
Microsoft Visual Studio Solution File, Format Version 10.00
# Visual Studio 2008
Project("{FAE04EC0-301F-11D3-BF4B-00C04F79EFBC}") = "UC.ImageQuantizer", "UC.ImageQuantizer.csproj", "{77BC3142-80AA-4909-8D58-D88A2C9EF388}"
EndProject
Global
	GlobalSection(SourceCodeControl) = preSolution
		SccNumberOfProjects = 2
		SccLocalPath0 = .
		SccProjectUniqueName1 = UC.ImageQuantizer.csproj
		SccLocalPath1 = .
	EndGlobalSection
	GlobalSection(SolutionConfigurationPlatforms) = preSolution
		Debug|Any CPU = Debug|Any CPU
		Release|Any CPU = Release|Any CPU
	EndGlobalSection
	GlobalSection(ProjectConfigurationPlatforms) = postSolution
		{77BC3142-80AA-4909-8D58-D88A2C9EF388}.Debug|Any CPU.ActiveCfg = Debug|Any CPU
		{77BC3142-80AA-4909-8D58-D88A2C9EF388}.Debug|Any CPU.Build.0 = Debug|Any CPU
		{77BC3142-80AA-4909-8D58-D88A2C9EF388}.Release|Any CPU.ActiveCfg = Release|Any CPU
		{77BC3142-80AA-4909-8D58-D88A2C9EF388}.Release|Any CPU.Build.0 = Release|Any CPU
	EndGlobalSection
	GlobalSection(SolutionProperties) = preSolution
		HideSolutionNode = FALSE
	EndGlobalSection
EndGlobal
